
Microsoft Visual Studio Solution File, Format Version 12.00
# Visual Studio 15
VisualStudioVersion = 15.0.27130.2036
MinimumVisualStudioVersion = 10.0.40219.1
Project("{8BC9CEB8-8B4A-11D0-8D11-00A0C91BC942}") = "task_1.1", "task_1.1\task_1.1.vcxproj", "{31C74866-F93B-475C-A630-0358E49A70B2}"
EndProject
Project("{2150E333-8FDC-42A3-9474-1A3956D46DE8}") = "Solution Items", "Solution Items", "{E15A5D6D-836D-43FA-B0FE-83EC1A078A72}"
	ProjectSection(SolutionItems) = preProject
		.clang-format = .clang-format
	EndProjectSection
EndProject
Project("{8BC9CEB8-8B4A-11D0-8D11-00A0C91BC942}") = "task_1.2", "task_1.2\task_1.2.vcxproj", "{546B7834-BBA4-4CD3-9864-3162C19A0FF6}"
EndProject
Project("{8BC9CEB8-8B4A-11D0-8D11-00A0C91BC942}") = "task_1.3", "task_1.3\task_1.3.vcxproj", "{DC838C3A-7281-4949-87A7-AB893453D5A6}"
EndProject
Project("{8BC9CEB8-8B4A-11D0-8D11-00A0C91BC942}") = "task_1.4", "task_1.4\task_1.4.vcxproj", "{240D8099-9F21-465D-83E1-CE79250E468D}"
EndProject
Project("{8BC9CEB8-8B4A-11D0-8D11-00A0C91BC942}") = "task_1.5", "task_1.5\task_1.5.vcxproj", "{EE819515-FCC3-4A67-B706-C1690DDFB2F4}"
EndProject
Project("{8BC9CEB8-8B4A-11D0-8D11-00A0C91BC942}") = "task_1.6", "task_1.6\task_1.6.vcxproj", "{64F0174A-1756-4EF9-9F41-CAE0F2287F0A}"
EndProject
Project("{8BC9CEB8-8B4A-11D0-8D11-00A0C91BC942}") = "task_1.7", "task_1.7\task_1.7.vcxproj", "{4760D283-79E7-4BE1-B21A-FB2B7C26E9B2}"
EndProject
Project("{8BC9CEB8-8B4A-11D0-8D11-00A0C91BC942}") = "task_1.8", "task_1.8\task_1.8.vcxproj", "{BA3EE717-D1B7-49DC-8C80-95FF700C7A93}"
EndProject
Global
	GlobalSection(SolutionConfigurationPlatforms) = preSolution
		Debug|x64 = Debug|x64
		Debug|x86 = Debug|x86
		Release|x64 = Release|x64
		Release|x86 = Release|x86
	EndGlobalSection
	GlobalSection(ProjectConfigurationPlatforms) = postSolution
		{31C74866-F93B-475C-A630-0358E49A70B2}.Debug|x64.ActiveCfg = Debug|x64
		{31C74866-F93B-475C-A630-0358E49A70B2}.Debug|x64.Build.0 = Debug|x64
		{31C74866-F93B-475C-A630-0358E49A70B2}.Debug|x86.ActiveCfg = Debug|Win32
		{31C74866-F93B-475C-A630-0358E49A70B2}.Debug|x86.Build.0 = Debug|Win32
		{31C74866-F93B-475C-A630-0358E49A70B2}.Release|x64.ActiveCfg = Release|x64
		{31C74866-F93B-475C-A630-0358E49A70B2}.Release|x64.Build.0 = Release|x64
		{31C74866-F93B-475C-A630-0358E49A70B2}.Release|x86.ActiveCfg = Release|Win32
		{31C74866-F93B-475C-A630-0358E49A70B2}.Release|x86.Build.0 = Release|Win32
		{546B7834-BBA4-4CD3-9864-3162C19A0FF6}.Debug|x64.ActiveCfg = Debug|x64
		{546B7834-BBA4-4CD3-9864-3162C19A0FF6}.Debug|x64.Build.0 = Debug|x64
		{546B7834-BBA4-4CD3-9864-3162C19A0FF6}.Debug|x86.ActiveCfg = Debug|Win32
		{546B7834-BBA4-4CD3-9864-3162C19A0FF6}.Debug|x86.Build.0 = Debug|Win32
		{546B7834-BBA4-4CD3-9864-3162C19A0FF6}.Release|x64.ActiveCfg = Release|x64
		{546B7834-BBA4-4CD3-9864-3162C19A0FF6}.Release|x64.Build.0 = Release|x64
		{546B7834-BBA4-4CD3-9864-3162C19A0FF6}.Release|x86.ActiveCfg = Release|Win32
		{546B7834-BBA4-4CD3-9864-3162C19A0FF6}.Release|x86.Build.0 = Release|Win32
		{DC838C3A-7281-4949-87A7-AB893453D5A6}.Debug|x64.ActiveCfg = Debug|x64
		{DC838C3A-7281-4949-87A7-AB893453D5A6}.Debug|x64.Build.0 = Debug|x64
		{DC838C3A-7281-4949-87A7-AB893453D5A6}.Debug|x86.ActiveCfg = Debug|Win32
		{DC838C3A-7281-4949-87A7-AB893453D5A6}.Debug|x86.Build.0 = Debug|Win32
		{DC838C3A-7281-4949-87A7-AB893453D5A6}.Release|x64.ActiveCfg = Release|x64
		{DC838C3A-7281-4949-87A7-AB893453D5A6}.Release|x64.Build.0 = Release|x64
		{DC838C3A-7281-4949-87A7-AB893453D5A6}.Release|x86.ActiveCfg = Release|Win32
		{DC838C3A-7281-4949-87A7-AB893453D5A6}.Release|x86.Build.0 = Release|Win32
		{240D8099-9F21-465D-83E1-CE79250E468D}.Debug|x64.ActiveCfg = Debug|x64
		{240D8099-9F21-465D-83E1-CE79250E468D}.Debug|x64.Build.0 = Debug|x64
		{240D8099-9F21-465D-83E1-CE79250E468D}.Debug|x86.ActiveCfg = Debug|Win32
		{240D8099-9F21-465D-83E1-CE79250E468D}.Debug|x86.Build.0 = Debug|Win32
		{240D8099-9F21-465D-83E1-CE79250E468D}.Release|x64.ActiveCfg = Release|x64
		{240D8099-9F21-465D-83E1-CE79250E468D}.Release|x64.Build.0 = Release|x64
		{240D8099-9F21-465D-83E1-CE79250E468D}.Release|x86.ActiveCfg = Release|Win32
		{240D8099-9F21-465D-83E1-CE79250E468D}.Release|x86.Build.0 = Release|Win32
		{EE819515-FCC3-4A67-B706-C1690DDFB2F4}.Debug|x64.ActiveCfg = Debug|x64
		{EE819515-FCC3-4A67-B706-C1690DDFB2F4}.Debug|x64.Build.0 = Debug|x64
		{EE819515-FCC3-4A67-B706-C1690DDFB2F4}.Debug|x86.ActiveCfg = Debug|Win32
		{EE819515-FCC3-4A67-B706-C1690DDFB2F4}.Debug|x86.Build.0 = Debug|Win32
		{EE819515-FCC3-4A67-B706-C1690DDFB2F4}.Release|x64.ActiveCfg = Release|x64
		{EE819515-FCC3-4A67-B706-C1690DDFB2F4}.Release|x64.Build.0 = Release|x64
		{EE819515-FCC3-4A67-B706-C1690DDFB2F4}.Release|x86.ActiveCfg = Release|Win32
		{EE819515-FCC3-4A67-B706-C1690DDFB2F4}.Release|x86.Build.0 = Release|Win32
		{64F0174A-1756-4EF9-9F41-CAE0F2287F0A}.Debug|x64.ActiveCfg = Debug|x64
		{64F0174A-1756-4EF9-9F41-CAE0F2287F0A}.Debug|x64.Build.0 = Debug|x64
		{64F0174A-1756-4EF9-9F41-CAE0F2287F0A}.Debug|x86.ActiveCfg = Debug|Win32
		{64F0174A-1756-4EF9-9F41-CAE0F2287F0A}.Debug|x86.Build.0 = Debug|Win32
		{64F0174A-1756-4EF9-9F41-CAE0F2287F0A}.Release|x64.ActiveCfg = Release|x64
		{64F0174A-1756-4EF9-9F41-CAE0F2287F0A}.Release|x64.Build.0 = Release|x64
		{64F0174A-1756-4EF9-9F41-CAE0F2287F0A}.Release|x86.ActiveCfg = Release|Win32
		{64F0174A-1756-4EF9-9F41-CAE0F2287F0A}.Release|x86.Build.0 = Release|Win32
		{4760D283-79E7-4BE1-B21A-FB2B7C26E9B2}.Debug|x64.ActiveCfg = Debug|x64
		{4760D283-79E7-4BE1-B21A-FB2B7C26E9B2}.Debug|x64.Build.0 = Debug|x64
		{4760D283-79E7-4BE1-B21A-FB2B7C26E9B2}.Debug|x86.ActiveCfg = Debug|Win32
		{4760D283-79E7-4BE1-B21A-FB2B7C26E9B2}.Debug|x86.Build.0 = Debug|Win32
		{4760D283-79E7-4BE1-B21A-FB2B7C26E9B2}.Release|x64.ActiveCfg = Release|x64
		{4760D283-79E7-4BE1-B21A-FB2B7C26E9B2}.Release|x64.Build.0 = Release|x64
		{4760D283-79E7-4BE1-B21A-FB2B7C26E9B2}.Release|x86.ActiveCfg = Release|Win32
		{4760D283-79E7-4BE1-B21A-FB2B7C26E9B2}.Release|x86.Build.0 = Release|Win32
		{BA3EE717-D1B7-49DC-8C80-95FF700C7A93}.Debug|x64.ActiveCfg = Debug|x64
		{BA3EE717-D1B7-49DC-8C80-95FF700C7A93}.Debug|x64.Build.0 = Debug|x64
		{BA3EE717-D1B7-49DC-8C80-95FF700C7A93}.Debug|x86.ActiveCfg = Debug|Win32
		{BA3EE717-D1B7-49DC-8C80-95FF700C7A93}.Debug|x86.Build.0 = Debug|Win32
		{BA3EE717-D1B7-49DC-8C80-95FF700C7A93}.Release|x64.ActiveCfg = Release|x64
		{BA3EE717-D1B7-49DC-8C80-95FF700C7A93}.Release|x64.Build.0 = Release|x64
		{BA3EE717-D1B7-49DC-8C80-95FF700C7A93}.Release|x86.ActiveCfg = Release|Win32
		{BA3EE717-D1B7-49DC-8C80-95FF700C7A93}.Release|x86.Build.0 = Release|Win32
	EndGlobalSection
	GlobalSection(SolutionProperties) = preSolution
		HideSolutionNode = FALSE
	EndGlobalSection
	GlobalSection(ExtensibilityGlobals) = postSolution
		SolutionGuid = {24718B73-3CF4-4CC5-B205-6B884B975ED3}
	EndGlobalSection
EndGlobal
